
Microsoft Visual Studio Solution File, Format Version 12.00
# Visual Studio Version 16
VisualStudioVersion = 16.0.30804.86
MinimumVisualStudioVersion = 10.0.40219.1
Project("{FAE04EC0-301F-11D3-BF4B-00C04F79EFBC}") = "discord AI", "discord AI\discord AI.csproj", "{0CFB187D-7337-411E-9B98-83B2AE88E387}"
EndProject
Global
	GlobalSection(SolutionConfigurationPlatforms) = preSolution
		Debug|Any CPU = Debug|Any CPU
		Release|Any CPU = Release|Any CPU
	EndGlobalSection
	GlobalSection(ProjectConfigurationPlatforms) = postSolution
		{0CFB187D-7337-411E-9B98-83B2AE88E387}.Debug|Any CPU.ActiveCfg = Debug|Any CPU
		{0CFB187D-7337-411E-9B98-83B2AE88E387}.Debug|Any CPU.Build.0 = Debug|Any CPU
		{0CFB187D-7337-411E-9B98-83B2AE88E387}.Release|Any CPU.ActiveCfg = Release|Any CPU
		{0CFB187D-7337-411E-9B98-83B2AE88E387}.Release|Any CPU.Build.0 = Release|Any CPU
	EndGlobalSection
	GlobalSection(SolutionProperties) = preSolution
		HideSolutionNode = FALSE
	EndGlobalSection
	GlobalSection(ExtensibilityGlobals) = postSolution
		SolutionGuid = {D3172645-E879-4341-80BF-C05B15934C23}
	EndGlobalSection
EndGlobal
